{
  "name": "darknotes-mobile",
  "version": "1.0.0",
  "lockfileVersion": 2,
  "requires": true,
  "packages": {
    "": {
      "name": "darknotes-mobile",
      "version": "1.0.0",
      "dependencies": {
        "@react-navigation/native": "^6.1.6",
        "@react-navigation/native-stack": "^6.9.12",
        "react": "18.2.0",
        "react-native": "0.73.7",
        "expo": "^53.0.0"
      }
    }
  }
}